// !$*UTF8*$!
{
	archiveVersion = 1;
	classes = {
	};
	objectVersion = 50;
	objects = {

/* Begin PBXBuildFile section */
		80854207268FE0F100CD5424 /* BestFurnitureApp.swift in Sources */ = {isa = PBXBuildFile; fileRef = 80854206268FE0F100CD5424 /* BestFurnitureApp.swift */; };
		80854209268FE0F100CD5424 /* TabBarMenu.swift in Sources */ = {isa = PBXBuildFile; fileRef = 80854208268FE0F100CD5424 /* TabBarMenu.swift */; };
		8085420B268FE0F400CD5424 /* Assets.xcassets in Resources */ = {isa = PBXBuildFile; fileRef = 8085420A268FE0F400CD5424 /* Assets.xcassets */; };
		8085420E268FE0F400CD5424 /* Preview Assets.xcassets in Resources */ = {isa = PBXBuildFile; fileRef = 8085420D268FE0F400CD5424 /* Preview Assets.xcassets */; };
		80854233268FE76000CD5424 /* Color.swift in Sources */ = {isa = PBXBuildFile; fileRef = 80854232268FE76000CD5424 /* Color.swift */; };
		80854236268FEAD000CD5424 /* TabBarButton.swift in Sources */ = {isa = PBXBuildFile; fileRef = 80854235268FEAD000CD5424 /* TabBarButton.swift */; };
		8085423A268FF69D00CD5424 /* Curve.swift in Sources */ = {isa = PBXBuildFile; fileRef = 80854239268FF69C00CD5424 /* Curve.swift */; };
		8085423E2690E7F500CD5424 /* CategoryButton.swift in Sources */ = {isa = PBXBuildFile; fileRef = 8085423D2690E7F500CD5424 /* CategoryButton.swift */; };
		808542412691062900CD5424 /* MainView.swift in Sources */ = {isa = PBXBuildFile; fileRef = 808542402691062900CD5424 /* MainView.swift */; };
		808542432691085600CD5424 /* TopPanelMenu.swift in Sources */ = {isa = PBXBuildFile; fileRef = 808542422691085600CD5424 /* TopPanelMenu.swift */; };
		8085424526910C4000CD5424 /* BannerMainView.swift in Sources */ = {isa = PBXBuildFile; fileRef = 8085424426910C4000CD5424 /* BannerMainView.swift */; };
		808542472691204700CD5424 /* CategoryPanel.swift in Sources */ = {isa = PBXBuildFile; fileRef = 808542462691204700CD5424 /* CategoryPanel.swift */; };
		80A23BF726915DB60041BD2F /* SearchPanel.swift in Sources */ = {isa = PBXBuildFile; fileRef = 80A23BF626915DB60041BD2F /* SearchPanel.swift */; };
		80A508D62693D07C00D90379 /* ImageTopPanel.swift in Sources */ = {isa = PBXBuildFile; fileRef = 80A508D52693D07C00D90379 /* ImageTopPanel.swift */; };
		80A508D82693D2EE00D90379 /* TabBar.swift in Sources */ = {isa = PBXBuildFile; fileRef = 80A508D72693D2EE00D90379 /* TabBar.swift */; };
		80A508DA2693E26800D90379 /* Array.swift in Sources */ = {isa = PBXBuildFile; fileRef = 80A508D92693E26800D90379 /* Array.swift */; };
		80A508DE2693F4CE00D90379 /* Animation.swift in Sources */ = {isa = PBXBuildFile; fileRef = 80A508DD2693F4CE00D90379 /* Animation.swift */; };
		80A508E22693FA5A00D90379 /* ViewModel.swift in Sources */ = {isa = PBXBuildFile; fileRef = 80A508E12693FA5A00D90379 /* ViewModel.swift */; };
		80FDE5B52692095300FCCD1A /* CardFurniture.swift in Sources */ = {isa = PBXBuildFile; fileRef = 80FDE5B42692095300FCCD1A /* CardFurniture.swift */; };
		80FDE5B726920D1200FCCD1A /* ImageFurniture.swift in Sources */ = {isa = PBXBuildFile; fileRef = 80FDE5B626920D1200FCCD1A /* ImageFurniture.swift */; };
		80FDE5B92692139E00FCCD1A /* LikeButton.swift in Sources */ = {isa = PBXBuildFile; fileRef = 80FDE5B82692139E00FCCD1A /* LikeButton.swift */; };
		80FDE5BB26927A9C00FCCD1A /* Model.swift in Sources */ = {isa = PBXBuildFile; fileRef = 80FDE5BA26927A9C00FCCD1A /* Model.swift */; };
		80FDE5BF2692E54C00FCCD1A /* furnitureData.json in Resources */ = {isa = PBXBuildFile; fileRef = 80FDE5BE2692E54C00FCCD1A /* furnitureData.json */; };
		80FDE5C726930AAC00FCCD1A /* Category.swift in Sources */ = {isa = PBXBuildFile; fileRef = 80FDE5C626930AAC00FCCD1A /* Category.swift */; };
		80FDE5CB26930C8A00FCCD1A /* String.swift in Sources */ = {isa = PBXBuildFile; fileRef = 80FDE5CA26930C8A00FCCD1A /* String.swift */; };
		80FDE5CF2693176500FCCD1A /* LocalDataFetcher.swift in Sources */ = {isa = PBXBuildFile; fileRef = 80FDE5CE2693176500FCCD1A /* LocalDataFetcher.swift */; };
		80FDE5D12693221600FCCD1A /* ScreenSize.swift in Sources */ = {isa = PBXBuildFile; fileRef = 80FDE5D02693221600FCCD1A /* ScreenSize.swift */; };
/* End PBXBuildFile section */

/* Begin PBXFileReference section */
		80854203268FE0F100CD5424 /* BestFurniture.app */ = {isa = PBXFileReference; explicitFileType = wrapper.application; includeInIndex = 0; path = BestFurniture.app; sourceTree = BUILT_PRODUCTS_DIR; };
		80854206268FE0F100CD5424 /* BestFurnitureApp.swift */ = {isa = PBXFileReference; lastKnownFileType = sourcecode.swift; path = BestFurnitureApp.swift; sourceTree = "<group>"; };
		80854208268FE0F100CD5424 /* TabBarMenu.swift */ = {isa = PBXFileReference; lastKnownFileType = sourcecode.swift; path = TabBarMenu.swift; sourceTree = "<group>"; };
		8085420A268FE0F400CD5424 /* Assets.xcassets */ = {isa = PBXFileReference; lastKnownFileType = folder.assetcatalog; path = Assets.xcassets; sourceTree = "<group>"; };
		8085420D268FE0F400CD5424 /* Preview Assets.xcassets */ = {isa = PBXFileReference; lastKnownFileType = folder.assetcatalog; path = "Preview Assets.xcassets"; sourceTree = "<group>"; };
		8085420F268FE0F400CD5424 /* Info.plist */ = {isa = PBXFileReference; lastKnownFileType = text.plist.xml; path = Info.plist; sourceTree = "<group>"; };
		80854232268FE76000CD5424 /* Color.swift */ = {isa = PBXFileReference; lastKnownFileType = sourcecode.swift; path = Color.swift; sourceTree = "<group>"; };
		80854235268FEAD000CD5424 /* TabBarButton.swift */ = {isa = PBXFileReference; lastKnownFileType = sourcecode.swift; path = TabBarButton.swift; sourceTree = "<group>"; };
		80854239268FF69C00CD5424 /* Curve.swift */ = {isa = PBXFileReference; lastKnownFileType = sourcecode.swift; path = Curve.swift; sourceTree = "<group>"; };
		8085423D2690E7F500CD5424 /* CategoryButton.swift */ = {isa = PBXFileReference; lastKnownFileType = sourcecode.swift; path = CategoryButton.swift; sourceTree = "<group>"; };
		808542402691062900CD5424 /* MainView.swift */ = {isa = PBXFileReference; lastKnownFileType = sourcecode.swift; path = MainView.swift; sourceTree = "<group>"; };
		808542422691085600CD5424 /* TopPanelMenu.swift */ = {isa = PBXFileReference; lastKnownFileType = sourcecode.swift; path = TopPanelMenu.swift; sourceTree = "<group>"; };
		8085424426910C4000CD5424 /* BannerMainView.swift */ = {isa = PBXFileReference; lastKnownFileType = sourcecode.swift; path = BannerMainView.swift; sourceTree = "<group>"; };
		808542462691204700CD5424 /* CategoryPanel.swift */ = {isa = PBXFileReference; lastKnownFileType = sourcecode.swift; path = CategoryPanel.swift; sourceTree = "<group>"; };
		80A23BF626915DB60041BD2F /* SearchPanel.swift */ = {isa = PBXFileReference; lastKnownFileType = sourcecode.swift; path = SearchPanel.swift; sourceTree = "<group>"; };
		80A508D52693D07C00D90379 /* ImageTopPanel.swift */ = {isa = PBXFileReference; lastKnownFileType = sourcecode.swift; path = ImageTopPanel.swift; sourceTree = "<group>"; };
		80A508D72693D2EE00D90379 /* TabBar.swift */ = {isa = PBXFileReference; lastKnownFileType = sourcecode.swift; path = TabBar.swift; sourceTree = "<group>"; };
		80A508D92693E26800D90379 /* Array.swift */ = {isa = PBXFileReference; lastKnownFileType = sourcecode.swift; path = Array.swift; sourceTree = "<group>"; };
		80A508DD2693F4CE00D90379 /* Animation.swift */ = {isa = PBXFileReference; lastKnownFileType = sourcecode.swift; path = Animation.swift; sourceTree = "<group>"; };
		80A508E12693FA5A00D90379 /* ViewModel.swift */ = {isa = PBXFileReference; lastKnownFileType = sourcecode.swift; path = ViewModel.swift; sourceTree = "<group>"; };
		80FDE5B42692095300FCCD1A /* CardFurniture.swift */ = {isa = PBXFileReference; lastKnownFileType = sourcecode.swift; path = CardFurniture.swift; sourceTree = "<group>"; };
		80FDE5B626920D1200FCCD1A /* ImageFurniture.swift */ = {isa = PBXFileReference; lastKnownFileType = sourcecode.swift; path = ImageFurniture.swift; sourceTree = "<group>"; };
		80FDE5B82692139E00FCCD1A /* LikeButton.swift */ = {isa = PBXFileReference; lastKnownFileType = sourcecode.swift; path = LikeButton.swift; sourceTree = "<group>"; };
		80FDE5BA26927A9C00FCCD1A /* Model.swift */ = {isa = PBXFileReference; lastKnownFileType = sourcecode.swift; path = Model.swift; sourceTree = "<group>"; };
		80FDE5BE2692E54C00FCCD1A /* furnitureData.json */ = {isa = PBXFileReference; fileEncoding = 4; lastKnownFileType = text.json; path = furnitureData.json; sourceTree = "<group>"; };
		80FDE5C626930AAC00FCCD1A /* Category.swift */ = {isa = PBXFileReference; lastKnownFileType = sourcecode.swift; path = Category.swift; sourceTree = "<group>"; };
		80FDE5CA26930C8A00FCCD1A /* String.swift */ = {isa = PBXFileReference; lastKnownFileType = sourcecode.swift; path = String.swift; sourceTree = "<group>"; };
		80FDE5CE2693176500FCCD1A /* LocalDataFetcher.swift */ = {isa = PBXFileReference; lastKnownFileType = sourcecode.swift; path = LocalDataFetcher.swift; sourceTree = "<group>"; };
		80FDE5D02693221600FCCD1A /* ScreenSize.swift */ = {isa = PBXFileReference; lastKnownFileType = sourcecode.swift; path = ScreenSize.swift; sourceTree = "<group>"; };
/* End PBXFileReference section */

/* Begin PBXFrameworksBuildPhase section */
		80854200268FE0F100CD5424 /* Frameworks */ = {
			isa = PBXFrameworksBuildPhase;
			buildActionMask = 2147483647;
			files = (
			);
			runOnlyForDeploymentPostprocessing = 0;
		};
/* End PBXFrameworksBuildPhase section */

/* Begin PBXGroup section */
		808541FA268FE0F100CD5424 = {
			isa = PBXGroup;
			children = (
				80854205268FE0F100CD5424 /* BestFurniture */,
				80854204268FE0F100CD5424 /* Products */,
			);
			sourceTree = "<group>";
		};
		80854204268FE0F100CD5424 /* Products */ = {
			isa = PBXGroup;
			children = (
				80854203268FE0F100CD5424 /* BestFurniture.app */,
			);
			name = Products;
			sourceTree = "<group>";
		};
		80854205268FE0F100CD5424 /* BestFurniture */ = {
			isa = PBXGroup;
			children = (
				80854206268FE0F100CD5424 /* BestFurnitureApp.swift */,
				8085423F2690E82B00CD5424 /* Model */,
				80FDE5C02692E56300FCCD1A /* ViewModel */,
				80854234268FE86800CD5424 /* View */,
				80854231268FE74E00CD5424 /* Extension */,
				80854238268FF62700CD5424 /* Shape */,
				80854215268FE11F00CD5424 /* System32 */,
			);
			path = BestFurniture;
			sourceTree = "<group>";
		};
		8085420C268FE0F400CD5424 /* Preview Content */ = {
			isa = PBXGroup;
			children = (
				8085420D268FE0F400CD5424 /* Preview Assets.xcassets */,
			);
			path = "Preview Content";
			sourceTree = "<group>";
		};
		80854215268FE11F00CD5424 /* System32 */ = {
			isa = PBXGroup;
			children = (
				80FDE5BE2692E54C00FCCD1A /* furnitureData.json */,
				8085420A268FE0F400CD5424 /* Assets.xcassets */,
				8085420F268FE0F400CD5424 /* Info.plist */,
				8085420C268FE0F400CD5424 /* Preview Content */,
			);
			path = System32;
			sourceTree = "<group>";
		};
		80854231268FE74E00CD5424 /* Extension */ = {
			isa = PBXGroup;
			children = (
				80854232268FE76000CD5424 /* Color.swift */,
				80FDE5CA26930C8A00FCCD1A /* String.swift */,
				80A508D92693E26800D90379 /* Array.swift */,
				80A508DD2693F4CE00D90379 /* Animation.swift */,
			);
			path = Extension;
			sourceTree = "<group>";
		};
		80854234268FE86800CD5424 /* View */ = {
			isa = PBXGroup;
			children = (
				808542402691062900CD5424 /* MainView.swift */,
				80FDE5C12692E58600FCCD1A /* MainView */,
			);
			path = View;
			sourceTree = "<group>";
		};
		80854237268FEBBF00CD5424 /* ChilView */ = {
			isa = PBXGroup;
			children = (
				80FDE5B626920D1200FCCD1A /* ImageFurniture.swift */,
				80FDE5B82692139E00FCCD1A /* LikeButton.swift */,
				8085423D2690E7F500CD5424 /* CategoryButton.swift */,
				80854235268FEAD000CD5424 /* TabBarButton.swift */,
				80A508D52693D07C00D90379 /* ImageTopPanel.swift */,
			);
			name = ChilView;
			sourceTree = "<group>";
		};
		80854238268FF62700CD5424 /* Shape */ = {
			isa = PBXGroup;
			children = (
				80854239268FF69C00CD5424 /* Curve.swift */,
			);
			path = Shape;
			sourceTree = "<group>";
		};
		8085423F2690E82B00CD5424 /* Model */ = {
			isa = PBXGroup;
			children = (
				80FDE5BA26927A9C00FCCD1A /* Model.swift */,
				80FDE5C626930AAC00FCCD1A /* Category.swift */,
				80A508D72693D2EE00D90379 /* TabBar.swift */,
			);
			path = Model;
			sourceTree = "<group>";
		};
		80FDE5C02692E56300FCCD1A /* ViewModel */ = {
			isa = PBXGroup;
			children = (
				80FDE5CE2693176500FCCD1A /* LocalDataFetcher.swift */,
				80A508E12693FA5A00D90379 /* ViewModel.swift */,
				80FDE5D02693221600FCCD1A /* ScreenSize.swift */,
			);
			path = ViewModel;
			sourceTree = "<group>";
		};
		80FDE5C12692E58600FCCD1A /* MainView */ = {
			isa = PBXGroup;
			children = (
				80FDE5B42692095300FCCD1A /* CardFurniture.swift */,
				808542422691085600CD5424 /* TopPanelMenu.swift */,
				8085424426910C4000CD5424 /* BannerMainView.swift */,
				80A23BF626915DB60041BD2F /* SearchPanel.swift */,
				808542462691204700CD5424 /* CategoryPanel.swift */,
				80854208268FE0F100CD5424 /* TabBarMenu.swift */,
				80854237268FEBBF00CD5424 /* ChilView */,
			);
			name = MainView;
			path = ChilView;
			sourceTree = "<group>";
		};
/* End PBXGroup section */

/* Begin PBXNativeTarget section */
		80854202268FE0F100CD5424 /* BestFurniture */ = {
			isa = PBXNativeTarget;
			buildConfigurationList = 80854212268FE0F400CD5424 /* Build configuration list for PBXNativeTarget "BestFurniture" */;
			buildPhases = (
				808541FF268FE0F100CD5424 /* Sources */,
				80854200268FE0F100CD5424 /* Frameworks */,
				80854201268FE0F100CD5424 /* Resources */,
			);
			buildRules = (
			);
			dependencies = (
			);
			name = BestFurniture;
			productName = BestFurniture;
			productReference = 80854203268FE0F100CD5424 /* BestFurniture.app */;
			productType = "com.apple.product-type.application";
		};
/* End PBXNativeTarget section */

/* Begin PBXProject section */
		808541FB268FE0F100CD5424 /* Project object */ = {
			isa = PBXProject;
			attributes = {
				LastSwiftUpdateCheck = 1250;
				LastUpgradeCheck = 1250;
				TargetAttributes = {
					80854202268FE0F100CD5424 = {
						CreatedOnToolsVersion = 12.5.1;
					};
				};
			};
			buildConfigurationList = 808541FE268FE0F100CD5424 /* Build configuration list for PBXProject "BestFurniture" */;
			compatibilityVersion = "Xcode 9.3";
			developmentRegion = en;
			hasScannedForEncodings = 0;
			knownRegions = (
				en,
				Base,
			);
			mainGroup = 808541FA268FE0F100CD5424;
			productRefGroup = 80854204268FE0F100CD5424 /* Products */;
			projectDirPath = "";
			projectRoot = "";
			targets = (
				80854202268FE0F100CD5424 /* BestFurniture */,
			);
		};
/* End PBXProject section */

/* Begin PBXResourcesBuildPhase section */
		80854201268FE0F100CD5424 /* Resources */ = {
			isa = PBXResourcesBuildPhase;
			buildActionMask = 2147483647;
			files = (
				8085420E268FE0F400CD5424 /* Preview Assets.xcassets in Resources */,
				8085420B268FE0F400CD5424 /* Assets.xcassets in Resources */,
				80FDE5BF2692E54C00FCCD1A /* furnitureData.json in Resources */,
			);
			runOnlyForDeploymentPostprocessing = 0;
		};
/* End PBXResourcesBuildPhase section */

/* Begin PBXSourcesBuildPhase section */
		808541FF268FE0F100CD5424 /* Sources */ = {
			isa = PBXSourcesBuildPhase;
			buildActionMask = 2147483647;
			files = (
				80FDE5BB26927A9C00FCCD1A /* Model.swift in Sources */,
				8085423A268FF69D00CD5424 /* Curve.swift in Sources */,
				80FDE5B52692095300FCCD1A /* CardFurniture.swift in Sources */,
				808542412691062900CD5424 /* MainView.swift in Sources */,
				80A23BF726915DB60041BD2F /* SearchPanel.swift in Sources */,
				80A508DA2693E26800D90379 /* Array.swift in Sources */,
				80854209268FE0F100CD5424 /* TabBarMenu.swift in Sources */,
				80854207268FE0F100CD5424 /* BestFurnitureApp.swift in Sources */,
				80FDE5B92692139E00FCCD1A /* LikeButton.swift in Sources */,
				8085423E2690E7F500CD5424 /* CategoryButton.swift in Sources */,
				80FDE5D12693221600FCCD1A /* ScreenSize.swift in Sources */,
				808542472691204700CD5424 /* CategoryPanel.swift in Sources */,
				80FDE5C726930AAC00FCCD1A /* Category.swift in Sources */,
				80A508D62693D07C00D90379 /* ImageTopPanel.swift in Sources */,
				80FDE5CB26930C8A00FCCD1A /* String.swift in Sources */,
				808542432691085600CD5424 /* TopPanelMenu.swift in Sources */,
				80854236268FEAD000CD5424 /* TabBarButton.swift in Sources */,
				8085424526910C4000CD5424 /* BannerMainView.swift in Sources */,
				80FDE5CF2693176500FCCD1A /* LocalDataFetcher.swift in Sources */,
				80A508D82693D2EE00D90379 /* TabBar.swift in Sources */,
				80854233268FE76000CD5424 /* Color.swift in Sources */,
				80A508DE2693F4CE00D90379 /* Animation.swift in Sources */,
				80A508E22693FA5A00D90379 /* ViewModel.swift in Sources */,
				80FDE5B726920D1200FCCD1A /* ImageFurniture.swift in Sources */,
			);
			runOnlyForDeploymentPostprocessing = 0;
		};
/* End PBXSourcesBuildPhase section */

/* Begin XCBuildConfiguration section */
		80854210268FE0F400CD5424 /* Debug */ = {
			isa = XCBuildConfiguration;
			buildSettings = {
				ALWAYS_SEARCH_USER_PATHS = NO;
				CLANG_ANALYZER_NONNULL = YES;
				CLANG_ANALYZER_NUMBER_OBJECT_CONVERSION = YES_AGGRESSIVE;
				CLANG_CXX_LANGUAGE_STANDARD = "gnu++14";
				CLANG_CXX_LIBRARY = "libc++";
				CLANG_ENABLE_MODULES = YES;
				CLANG_ENABLE_OBJC_ARC = YES;
				CLANG_ENABLE_OBJC_WEAK = YES;
				CLANG_WARN_BLOCK_CAPTURE_AUTORELEASING = YES;
				CLANG_WARN_BOOL_CONVERSION = YES;
				CLANG_WARN_COMMA = YES;
				CLANG_WARN_CONSTANT_CONVERSION = YES;
				CLANG_WARN_DEPRECATED_OBJC_IMPLEMENTATIONS = YES;
				CLANG_WARN_DIRECT_OBJC_ISA_USAGE = YES_ERROR;
				CLANG_WARN_DOCUMENTATION_COMMENTS = YES;
				CLANG_WARN_EMPTY_BODY = YES;
				CLANG_WARN_ENUM_CONVERSION = YES;
				CLANG_WARN_INFINITE_RECURSION = YES;
				CLANG_WARN_INT_CONVERSION = YES;
				CLANG_WARN_NON_LITERAL_NULL_CONVERSION = YES;
				CLANG_WARN_OBJC_IMPLICIT_RETAIN_SELF = YES;
				CLANG_WARN_OBJC_LITERAL_CONVERSION = YES;
				CLANG_WARN_OBJC_ROOT_CLASS = YES_ERROR;
				CLANG_WARN_QUOTED_INCLUDE_IN_FRAMEWORK_HEADER = YES;
				CLANG_WARN_RANGE_LOOP_ANALYSIS = YES;
				CLANG_WARN_STRICT_PROTOTYPES = YES;
				CLANG_WARN_SUSPICIOUS_MOVE = YES;
				CLANG_WARN_UNGUARDED_AVAILABILITY = YES_AGGRESSIVE;
				CLANG_WARN_UNREACHABLE_CODE = YES;
				CLANG_WARN__DUPLICATE_METHOD_MATCH = YES;
				COPY_PHASE_STRIP = NO;
				DEBUG_INFORMATION_FORMAT = dwarf;
				ENABLE_STRICT_OBJC_MSGSEND = YES;
				ENABLE_TESTABILITY = YES;
				GCC_C_LANGUAGE_STANDARD = gnu11;
				GCC_DYNAMIC_NO_PIC = NO;
				GCC_NO_COMMON_BLOCKS = YES;
				GCC_OPTIMIZATION_LEVEL = 0;
				GCC_PREPROCESSOR_DEFINITIONS = (
					"DEBUG=1",
					"$(inherited)",
				);
				GCC_WARN_64_TO_32_BIT_CONVERSION = YES;
				GCC_WARN_ABOUT_RETURN_TYPE = YES_ERROR;
				GCC_WARN_UNDECLARED_SELECTOR = YES;
				GCC_WARN_UNINITIALIZED_AUTOS = YES_AGGRESSIVE;
				GCC_WARN_UNUSED_FUNCTION = YES;
				GCC_WARN_UNUSED_VARIABLE = YES;
				IPHONEOS_DEPLOYMENT_TARGET = 14.1;
				MTL_ENABLE_DEBUG_INFO = INCLUDE_SOURCE;
				MTL_FAST_MATH = YES;
				ONLY_ACTIVE_ARCH = YES;
				SDKROOT = iphoneos;
				SWIFT_ACTIVE_COMPILATION_CONDITIONS = DEBUG;
				SWIFT_OPTIMIZATION_LEVEL = "-Onone";
			};
			name = Debug;
		};
		80854211268FE0F400CD5424 /* Release */ = {
			isa = XCBuildConfiguration;
			buildSettings = {
				ALWAYS_SEARCH_USER_PATHS = NO;
				CLANG_ANALYZER_NONNULL = YES;
				CLANG_ANALYZER_NUMBER_OBJECT_CONVERSION = YES_AGGRESSIVE;
				CLANG_CXX_LANGUAGE_STANDARD = "gnu++14";
				CLANG_CXX_LIBRARY = "libc++";
				CLANG_ENABLE_MODULES = YES;
				CLANG_ENABLE_OBJC_ARC = YES;
				CLANG_ENABLE_OBJC_WEAK = YES;
				CLANG_WARN_BLOCK_CAPTURE_AUTORELEASING = YES;
				CLANG_WARN_BOOL_CONVERSION = YES;
				CLANG_WARN_COMMA = YES;
				CLANG_WARN_CONSTANT_CONVERSION = YES;
				CLANG_WARN_DEPRECATED_OBJC_IMPLEMENTATIONS = YES;
				CLANG_WARN_DIRECT_OBJC_ISA_USAGE = YES_ERROR;
				CLANG_WARN_DOCUMENTATION_COMMENTS = YES;
				CLANG_WARN_EMPTY_BODY = YES;
				CLANG_WARN_ENUM_CONVERSION = YES;
				CLANG_WARN_INFINITE_RECURSION = YES;
				CLANG_WARN_INT_CONVERSION = YES;
				CLANG_WARN_NON_LITERAL_NULL_CONVERSION = YES;
				CLANG_WARN_OBJC_IMPLICIT_RETAIN_SELF = YES;
				CLANG_WARN_OBJC_LITERAL_CONVERSION = YES;
				CLANG_WARN_OBJC_ROOT_CLASS = YES_ERROR;
				CLANG_WARN_QUOTED_INCLUDE_IN_FRAMEWORK_HEADER = YES;
				CLANG_WARN_RANGE_LOOP_ANALYSIS = YES;
				CLANG_WARN_STRICT_PROTOTYPES = YES;
				CLANG_WARN_SUSPICIOUS_MOVE = YES;
				CLANG_WARN_UNGUARDED_AVAILABILITY = YES_AGGRESSIVE;
				CLANG_WARN_UNREACHABLE_CODE = YES;
				CLANG_WARN__DUPLICATE_METHOD_MATCH = YES;
				COPY_PHASE_STRIP = NO;
				DEBUG_INFORMATION_FORMAT = "dwarf-with-dsym";
				ENABLE_NS_ASSERTIONS = NO;
				ENABLE_STRICT_OBJC_MSGSEND = YES;
				GCC_C_LANGUAGE_STANDARD = gnu11;
				GCC_NO_COMMON_BLOCKS = YES;
				GCC_WARN_64_TO_32_BIT_CONVERSION = YES;
				GCC_WARN_ABOUT_RETURN_TYPE = YES_ERROR;
				GCC_WARN_UNDECLARED_SELECTOR = YES;
				GCC_WARN_UNINITIALIZED_AUTOS = YES_AGGRESSIVE;
				GCC_WARN_UNUSED_FUNCTION = YES;
				GCC_WARN_UNUSED_VARIABLE = YES;
				IPHONEOS_DEPLOYMENT_TARGET = 14.1;
				MTL_ENABLE_DEBUG_INFO = NO;
				MTL_FAST_MATH = YES;
				SDKROOT = iphoneos;
				SWIFT_COMPILATION_MODE = wholemodule;
				SWIFT_OPTIMIZATION_LEVEL = "-O";
				VALIDATE_PRODUCT = YES;
			};
			name = Release;
		};
		80854213268FE0F400CD5424 /* Debug */ = {
			isa = XCBuildConfiguration;
			buildSettings = {
				ASSETCATALOG_COMPILER_APPICON_NAME = AppIcon;
				ASSETCATALOG_COMPILER_GLOBAL_ACCENT_COLOR_NAME = AccentColor;
				CODE_SIGN_STYLE = Automatic;
				CURRENT_PROJECT_VERSION = 420;
				DEVELOPMENT_ASSET_PATHS = "\"BestFurniture/System32/Preview Content\"";
				DEVELOPMENT_TEAM = 879U287R5Q;
				ENABLE_PREVIEWS = YES;
				INFOPLIST_FILE = BestFurniture/System32/Info.plist;
				IPHONEOS_DEPLOYMENT_TARGET = 14.1;
				LD_RUNPATH_SEARCH_PATHS = (
					"$(inherited)",
					"@executable_path/Frameworks",
				);
				MARKETING_VERSION = 2.0;
				PRODUCT_BUNDLE_IDENTIFIER = ihValery.BestFurniture;
				PRODUCT_NAME = "$(TARGET_NAME)";
				SWIFT_VERSION = 5.0;
				TARGETED_DEVICE_FAMILY = 1;
			};
			name = Debug;
		};
		80854214268FE0F400CD5424 /* Release */ = {
			isa = XCBuildConfiguration;
			buildSettings = {
				ASSETCATALOG_COMPILER_APPICON_NAME = AppIcon;
				ASSETCATALOG_COMPILER_GLOBAL_ACCENT_COLOR_NAME = AccentColor;
				CODE_SIGN_STYLE = Automatic;
				CURRENT_PROJECT_VERSION = 420;
				DEVELOPMENT_ASSET_PATHS = "\"BestFurniture/System32/Preview Content\"";
				DEVELOPMENT_TEAM = 879U287R5Q;
				ENABLE_PREVIEWS = YES;
				INFOPLIST_FILE = BestFurniture/System32/Info.plist;
				IPHONEOS_DEPLOYMENT_TARGET = 14.1;
				LD_RUNPATH_SEARCH_PATHS = (
					"$(inherited)",
					"@executable_path/Frameworks",
				);
				MARKETING_VERSION = 2.0;
				PRODUCT_BUNDLE_IDENTIFIER = ihValery.BestFurniture;
				PRODUCT_NAME = "$(TARGET_NAME)";
				SWIFT_VERSION = 5.0;
				TARGETED_DEVICE_FAMILY = 1;
			};
			name = Release;
		};
/* End XCBuildConfiguration section */

/* Begin XCConfigurationList section */
		808541FE268FE0F100CD5424 /* Build configuration list for PBXProject "BestFurniture" */ = {
			isa = XCConfigurationList;
			buildConfigurations = (
				80854210268FE0F400CD5424 /* Debug */,
				80854211268FE0F400CD5424 /* Release */,
			);
			defaultConfigurationIsVisible = 0;
			defaultConfigurationName = Release;
		};
		80854212268FE0F400CD5424 /* Build configuration list for PBXNativeTarget "BestFurniture" */ = {
			isa = XCConfigurationList;
			buildConfigurations = (
				80854213268FE0F400CD5424 /* Debug */,
				80854214268FE0F400CD5424 /* Release */,
			);
			defaultConfigurationIsVisible = 0;
			defaultConfigurationName = Release;
		};
/* End XCConfigurationList section */
	};
	rootObject = 808541FB268FE0F100CD5424 /* Project object */;
}
